
Microsoft Visual Studio Solution File, Format Version 12.00
# Visual Studio 15
VisualStudioVersion = 15.0.27703.2018
MinimumVisualStudioVersion = 10.0.40219.1
Project("{FAE04EC0-301F-11D3-BF4B-00C04F79EFBC}") = "XFAppToDoList", "XFAppToDoList\XFAppToDoList\XFAppToDoList.csproj", "{B05BBAC7-3061-4C19-B5BA-5BA9A232B87B}"
EndProject
Project("{FAE04EC0-301F-11D3-BF4B-00C04F79EFBC}") = "XFAppToDoList.Android", "XFAppToDoList\XFAppToDoList.Android\XFAppToDoList.Android.csproj", "{B13496B2-2D98-414B-B661-3716CBD20EA3}"
EndProject
Project("{FAE04EC0-301F-11D3-BF4B-00C04F79EFBC}") = "XFAppToDoList.iOS", "XFAppToDoList\XFAppToDoList.iOS\XFAppToDoList.iOS.csproj", "{60F14B4E-280F-42EB-8DDC-530AF999236B}"
EndProject
Project("{FAE04EC0-301F-11D3-BF4B-00C04F79EFBC}") = "XFAppToDoList.UWP", "XFAppToDoList\XFAppToDoList.UWP\XFAppToDoList.UWP.csproj", "{E62B6543-38F6-4542-9928-FC46B1B205F6}"
EndProject
Global
	GlobalSection(SolutionConfigurationPlatforms) = preSolution
		Ad-Hoc|Any CPU = Ad-Hoc|Any CPU
		Ad-Hoc|ARM = Ad-Hoc|ARM
		Ad-Hoc|iPhone = Ad-Hoc|iPhone
		Ad-Hoc|iPhoneSimulator = Ad-Hoc|iPhoneSimulator
		Ad-Hoc|x64 = Ad-Hoc|x64
		Ad-Hoc|x86 = Ad-Hoc|x86
		AppStore|Any CPU = AppStore|Any CPU
		AppStore|ARM = AppStore|ARM
		AppStore|iPhone = AppStore|iPhone
		AppStore|iPhoneSimulator = AppStore|iPhoneSimulator
		AppStore|x64 = AppStore|x64
		AppStore|x86 = AppStore|x86
		Debug|Any CPU = Debug|Any CPU
		Debug|ARM = Debug|ARM
		Debug|iPhone = Debug|iPhone
		Debug|iPhoneSimulator = Debug|iPhoneSimulator
		Debug|x64 = Debug|x64
		Debug|x86 = Debug|x86
		Release|Any CPU = Release|Any CPU
		Release|ARM = Release|ARM
		Release|iPhone = Release|iPhone
		Release|iPhoneSimulator = Release|iPhoneSimulator
		Release|x64 = Release|x64
		Release|x86 = Release|x86
	EndGlobalSection
	GlobalSection(ProjectConfigurationPlatforms) = postSolution
		{B05BBAC7-3061-4C19-B5BA-5BA9A232B87B}.Ad-Hoc|Any CPU.ActiveCfg = Debug|Any CPU
		{B05BBAC7-3061-4C19-B5BA-5BA9A232B87B}.Ad-Hoc|Any CPU.Build.0 = Debug|Any CPU
		{B05BBAC7-3061-4C19-B5BA-5BA9A232B87B}.Ad-Hoc|ARM.ActiveCfg = Debug|Any CPU
		{B05BBAC7-3061-4C19-B5BA-5BA9A232B87B}.Ad-Hoc|ARM.Build.0 = Debug|Any CPU
		{B05BBAC7-3061-4C19-B5BA-5BA9A232B87B}.Ad-Hoc|iPhone.ActiveCfg = Debug|Any CPU
		{B05BBAC7-3061-4C19-B5BA-5BA9A232B87B}.Ad-Hoc|iPhone.Build.0 = Debug|Any CPU
		{B05BBAC7-3061-4C19-B5BA-5BA9A232B87B}.Ad-Hoc|iPhoneSimulator.ActiveCfg = Debug|Any CPU
		{B05BBAC7-3061-4C19-B5BA-5BA9A232B87B}.Ad-Hoc|iPhoneSimulator.Build.0 = Debug|Any CPU
		{B05BBAC7-3061-4C19-B5BA-5BA9A232B87B}.Ad-Hoc|x64.ActiveCfg = Debug|Any CPU
		{B05BBAC7-3061-4C19-B5BA-5BA9A232B87B}.Ad-Hoc|x64.Build.0 = Debug|Any CPU
		{B05BBAC7-3061-4C19-B5BA-5BA9A232B87B}.Ad-Hoc|x86.ActiveCfg = Debug|Any CPU
		{B05BBAC7-3061-4C19-B5BA-5BA9A232B87B}.Ad-Hoc|x86.Build.0 = Debug|Any CPU
		{B05BBAC7-3061-4C19-B5BA-5BA9A232B87B}.AppStore|Any CPU.ActiveCfg = Debug|Any CPU
		{B05BBAC7-3061-4C19-B5BA-5BA9A232B87B}.AppStore|Any CPU.Build.0 = Debug|Any CPU
		{B05BBAC7-3061-4C19-B5BA-5BA9A232B87B}.AppStore|ARM.ActiveCfg = Debug|Any CPU
		{B05BBAC7-3061-4C19-B5BA-5BA9A232B87B}.AppStore|ARM.Build.0 = Debug|Any CPU
		{B05BBAC7-3061-4C19-B5BA-5BA9A232B87B}.AppStore|iPhone.ActiveCfg = Debug|Any CPU
		{B05BBAC7-3061-4C19-B5BA-5BA9A232B87B}.AppStore|iPhone.Build.0 = Debug|Any CPU
		{B05BBAC7-3061-4C19-B5BA-5BA9A232B87B}.AppStore|iPhoneSimulator.ActiveCfg = Debug|Any CPU
		{B05BBAC7-3061-4C19-B5BA-5BA9A232B87B}.AppStore|iPhoneSimulator.Build.0 = Debug|Any CPU
		{B05BBAC7-3061-4C19-B5BA-5BA9A232B87B}.AppStore|x64.ActiveCfg = Debug|Any CPU
		{B05BBAC7-3061-4C19-B5BA-5BA9A232B87B}.AppStore|x64.Build.0 = Debug|Any CPU
		{B05BBAC7-3061-4C19-B5BA-5BA9A232B87B}.AppStore|x86.ActiveCfg = Debug|Any CPU
		{B05BBAC7-3061-4C19-B5BA-5BA9A232B87B}.AppStore|x86.Build.0 = Debug|Any CPU
		{B05BBAC7-3061-4C19-B5BA-5BA9A232B87B}.Debug|Any CPU.ActiveCfg = Debug|Any CPU
		{B05BBAC7-3061-4C19-B5BA-5BA9A232B87B}.Debug|Any CPU.Build.0 = Debug|Any CPU
		{B05BBAC7-3061-4C19-B5BA-5BA9A232B87B}.Debug|ARM.ActiveCfg = Debug|Any CPU
		{B05BBAC7-3061-4C19-B5BA-5BA9A232B87B}.Debug|ARM.Build.0 = Debug|Any CPU
		{B05BBAC7-3061-4C19-B5BA-5BA9A232B87B}.Debug|iPhone.ActiveCfg = Debug|Any CPU
		{B05BBAC7-3061-4C19-B5BA-5BA9A232B87B}.Debug|iPhone.Build.0 = Debug|Any CPU
		{B05BBAC7-3061-4C19-B5BA-5BA9A232B87B}.Debug|iPhoneSimulator.ActiveCfg = Debug|Any CPU
		{B05BBAC7-3061-4C19-B5BA-5BA9A232B87B}.Debug|iPhoneSimulator.Build.0 = Debug|Any CPU
		{B05BBAC7-3061-4C19-B5BA-5BA9A232B87B}.Debug|x64.ActiveCfg = Debug|Any CPU
		{B05BBAC7-3061-4C19-B5BA-5BA9A232B87B}.Debug|x64.Build.0 = Debug|Any CPU
		{B05BBAC7-3061-4C19-B5BA-5BA9A232B87B}.Debug|x86.ActiveCfg = Debug|Any CPU
		{B05BBAC7-3061-4C19-B5BA-5BA9A232B87B}.Debug|x86.Build.0 = Debug|Any CPU
		{B05BBAC7-3061-4C19-B5BA-5BA9A232B87B}.Release|Any CPU.ActiveCfg = Release|Any CPU
		{B05BBAC7-3061-4C19-B5BA-5BA9A232B87B}.Release|Any CPU.Build.0 = Release|Any CPU
		{B05BBAC7-3061-4C19-B5BA-5BA9A232B87B}.Release|ARM.ActiveCfg = Release|Any CPU
		{B05BBAC7-3061-4C19-B5BA-5BA9A232B87B}.Release|ARM.Build.0 = Release|Any CPU
		{B05BBAC7-3061-4C19-B5BA-5BA9A232B87B}.Release|iPhone.ActiveCfg = Release|Any CPU
		{B05BBAC7-3061-4C19-B5BA-5BA9A232B87B}.Release|iPhone.Build.0 = Release|Any CPU
		{B05BBAC7-3061-4C19-B5BA-5BA9A232B87B}.Release|iPhoneSimulator.ActiveCfg = Release|Any CPU
		{B05BBAC7-3061-4C19-B5BA-5BA9A232B87B}.Release|iPhoneSimulator.Build.0 = Release|Any CPU
		{B05BBAC7-3061-4C19-B5BA-5BA9A232B87B}.Release|x64.ActiveCfg = Release|Any CPU
		{B05BBAC7-3061-4C19-B5BA-5BA9A232B87B}.Release|x64.Build.0 = Release|Any CPU
		{B05BBAC7-3061-4C19-B5BA-5BA9A232B87B}.Release|x86.ActiveCfg = Release|Any CPU
		{B05BBAC7-3061-4C19-B5BA-5BA9A232B87B}.Release|x86.Build.0 = Release|Any CPU
		{B13496B2-2D98-414B-B661-3716CBD20EA3}.Ad-Hoc|Any CPU.ActiveCfg = Release|Any CPU
		{B13496B2-2D98-414B-B661-3716CBD20EA3}.Ad-Hoc|Any CPU.Build.0 = Release|Any CPU
		{B13496B2-2D98-414B-B661-3716CBD20EA3}.Ad-Hoc|Any CPU.Deploy.0 = Release|Any CPU
		{B13496B2-2D98-414B-B661-3716CBD20EA3}.Ad-Hoc|ARM.ActiveCfg = Release|Any CPU
		{B13496B2-2D98-414B-B661-3716CBD20EA3}.Ad-Hoc|ARM.Build.0 = Release|Any CPU
		{B13496B2-2D98-414B-B661-3716CBD20EA3}.Ad-Hoc|ARM.Deploy.0 = Release|Any CPU
		{B13496B2-2D98-414B-B661-3716CBD20EA3}.Ad-Hoc|iPhone.ActiveCfg = Release|Any CPU
		{B13496B2-2D98-414B-B661-3716CBD20EA3}.Ad-Hoc|iPhone.Build.0 = Release|Any CPU
		{B13496B2-2D98-414B-B661-3716CBD20EA3}.Ad-Hoc|iPhone.Deploy.0 = Release|Any CPU
		{B13496B2-2D98-414B-B661-3716CBD20EA3}.Ad-Hoc|iPhoneSimulator.ActiveCfg = Release|Any CPU
		{B13496B2-2D98-414B-B661-3716CBD20EA3}.Ad-Hoc|iPhoneSimulator.Build.0 = Release|Any CPU
		{B13496B2-2D98-414B-B661-3716CBD20EA3}.Ad-Hoc|iPhoneSimulator.Deploy.0 = Release|Any CPU
		{B13496B2-2D98-414B-B661-3716CBD20EA3}.Ad-Hoc|x64.ActiveCfg = Release|Any CPU
		{B13496B2-2D98-414B-B661-3716CBD20EA3}.Ad-Hoc|x64.Build.0 = Release|Any CPU
		{B13496B2-2D98-414B-B661-3716CBD20EA3}.Ad-Hoc|x64.Deploy.0 = Release|Any CPU
		{B13496B2-2D98-414B-B661-3716CBD20EA3}.Ad-Hoc|x86.ActiveCfg = Release|Any CPU
		{B13496B2-2D98-414B-B661-3716CBD20EA3}.Ad-Hoc|x86.Build.0 = Release|Any CPU
		{B13496B2-2D98-414B-B661-3716CBD20EA3}.Ad-Hoc|x86.Deploy.0 = Release|Any CPU
		{B13496B2-2D98-414B-B661-3716CBD20EA3}.AppStore|Any CPU.ActiveCfg = Release|Any CPU
		{B13496B2-2D98-414B-B661-3716CBD20EA3}.AppStore|Any CPU.Build.0 = Release|Any CPU
		{B13496B2-2D98-414B-B661-3716CBD20EA3}.AppStore|Any CPU.Deploy.0 = Release|Any CPU
		{B13496B2-2D98-414B-B661-3716CBD20EA3}.AppStore|ARM.ActiveCfg = Release|Any CPU
		{B13496B2-2D98-414B-B661-3716CBD20EA3}.AppStore|ARM.Build.0 = Release|Any CPU
		{B13496B2-2D98-414B-B661-3716CBD20EA3}.AppStore|ARM.Deploy.0 = Release|Any CPU
		{B13496B2-2D98-414B-B661-3716CBD20EA3}.AppStore|iPhone.ActiveCfg = Release|Any CPU
		{B13496B2-2D98-414B-B661-3716CBD20EA3}.AppStore|iPhone.Build.0 = Release|Any CPU
		{B13496B2-2D98-414B-B661-3716CBD20EA3}.AppStore|iPhone.Deploy.0 = Release|Any CPU
		{B13496B2-2D98-414B-B661-3716CBD20EA3}.AppStore|iPhoneSimulator.ActiveCfg = Release|Any CPU
		{B13496B2-2D98-414B-B661-3716CBD20EA3}.AppStore|iPhoneSimulator.Build.0 = Release|Any CPU
		{B13496B2-2D98-414B-B661-3716CBD20EA3}.AppStore|iPhoneSimulator.Deploy.0 = Release|Any CPU
		{B13496B2-2D98-414B-B661-3716CBD20EA3}.AppStore|x64.ActiveCfg = Release|Any CPU
		{B13496B2-2D98-414B-B661-3716CBD20EA3}.AppStore|x64.Build.0 = Release|Any CPU
		{B13496B2-2D98-414B-B661-3716CBD20EA3}.AppStore|x64.Deploy.0 = Release|Any CPU
		{B13496B2-2D98-414B-B661-3716CBD20EA3}.AppStore|x86.ActiveCfg = Release|Any CPU
		{B13496B2-2D98-414B-B661-3716CBD20EA3}.AppStore|x86.Build.0 = Release|Any CPU
		{B13496B2-2D98-414B-B661-3716CBD20EA3}.AppStore|x86.Deploy.0 = Release|Any CPU
		{B13496B2-2D98-414B-B661-3716CBD20EA3}.Debug|Any CPU.ActiveCfg = Debug|Any CPU
		{B13496B2-2D98-414B-B661-3716CBD20EA3}.Debug|Any CPU.Build.0 = Debug|Any CPU
		{B13496B2-2D98-414B-B661-3716CBD20EA3}.Debug|Any CPU.Deploy.0 = Debug|Any CPU
		{B13496B2-2D98-414B-B661-3716CBD20EA3}.Debug|ARM.ActiveCfg = Debug|Any CPU
		{B13496B2-2D98-414B-B661-3716CBD20EA3}.Debug|ARM.Build.0 = Debug|Any CPU
		{B13496B2-2D98-414B-B661-3716CBD20EA3}.Debug|ARM.Deploy.0 = Debug|Any CPU
		{B13496B2-2D98-414B-B661-3716CBD20EA3}.Debug|iPhone.ActiveCfg = Debug|Any CPU
		{B13496B2-2D98-414B-B661-3716CBD20EA3}.Debug|iPhone.Build.0 = Debug|Any CPU
		{B13496B2-2D98-414B-B661-3716CBD20EA3}.Debug|iPhone.Deploy.0 = Debug|Any CPU
		{B13496B2-2D98-414B-B661-3716CBD20EA3}.Debug|iPhoneSimulator.ActiveCfg = Debug|Any CPU
		{B13496B2-2D98-414B-B661-3716CBD20EA3}.Debug|iPhoneSimulator.Build.0 = Debug|Any CPU
		{B13496B2-2D98-414B-B661-3716CBD20EA3}.Debug|iPhoneSimulator.Deploy.0 = Debug|Any CPU
		{B13496B2-2D98-414B-B661-3716CBD20EA3}.Debug|x64.ActiveCfg = Debug|Any CPU
		{B13496B2-2D98-414B-B661-3716CBD20EA3}.Debug|x64.Build.0 = Debug|Any CPU
		{B13496B2-2D98-414B-B661-3716CBD20EA3}.Debug|x64.Deploy.0 = Debug|Any CPU
		{B13496B2-2D98-414B-B661-3716CBD20EA3}.Debug|x86.ActiveCfg = Debug|Any CPU
		{B13496B2-2D98-414B-B661-3716CBD20EA3}.Debug|x86.Build.0 = Debug|Any CPU
		{B13496B2-2D98-414B-B661-3716CBD20EA3}.Debug|x86.Deploy.0 = Debug|Any CPU
		{B13496B2-2D98-414B-B661-3716CBD20EA3}.Release|Any CPU.ActiveCfg = Release|Any CPU
		{B13496B2-2D98-414B-B661-3716CBD20EA3}.Release|Any CPU.Build.0 = Release|Any CPU
		{B13496B2-2D98-414B-B661-3716CBD20EA3}.Release|Any CPU.Deploy.0 = Release|Any CPU
		{B13496B2-2D98-414B-B661-3716CBD20EA3}.Release|ARM.ActiveCfg = Release|Any CPU
		{B13496B2-2D98-414B-B661-3716CBD20EA3}.Release|ARM.Build.0 = Release|Any CPU
		{B13496B2-2D98-414B-B661-3716CBD20EA3}.Release|ARM.Deploy.0 = Release|Any CPU
		{B13496B2-2D98-414B-B661-3716CBD20EA3}.Release|iPhone.ActiveCfg = Release|Any CPU
		{B13496B2-2D98-414B-B661-3716CBD20EA3}.Release|iPhone.Build.0 = Release|Any CPU
		{B13496B2-2D98-414B-B661-3716CBD20EA3}.Release|iPhone.Deploy.0 = Release|Any CPU
		{B13496B2-2D98-414B-B661-3716CBD20EA3}.Release|iPhoneSimulator.ActiveCfg = Release|Any CPU
		{B13496B2-2D98-414B-B661-3716CBD20EA3}.Release|iPhoneSimulator.Build.0 = Release|Any CPU
		{B13496B2-2D98-414B-B661-3716CBD20EA3}.Release|iPhoneSimulator.Deploy.0 = Release|Any CPU
		{B13496B2-2D98-414B-B661-3716CBD20EA3}.Release|x64.ActiveCfg = Release|Any CPU
		{B13496B2-2D98-414B-B661-3716CBD20EA3}.Release|x64.Build.0 = Release|Any CPU
		{B13496B2-2D98-414B-B661-3716CBD20EA3}.Release|x64.Deploy.0 = Release|Any CPU
		{B13496B2-2D98-414B-B661-3716CBD20EA3}.Release|x86.ActiveCfg = Release|Any CPU
		{B13496B2-2D98-414B-B661-3716CBD20EA3}.Release|x86.Build.0 = Release|Any CPU
		{B13496B2-2D98-414B-B661-3716CBD20EA3}.Release|x86.Deploy.0 = Release|Any CPU
		{60F14B4E-280F-42EB-8DDC-530AF999236B}.Ad-Hoc|Any CPU.ActiveCfg = Ad-Hoc|iPhone
		{60F14B4E-280F-42EB-8DDC-530AF999236B}.Ad-Hoc|ARM.ActiveCfg = Ad-Hoc|iPhone
		{60F14B4E-280F-42EB-8DDC-530AF999236B}.Ad-Hoc|iPhone.ActiveCfg = Ad-Hoc|iPhone
		{60F14B4E-280F-42EB-8DDC-530AF999236B}.Ad-Hoc|iPhone.Build.0 = Ad-Hoc|iPhone
		{60F14B4E-280F-42EB-8DDC-530AF999236B}.Ad-Hoc|iPhoneSimulator.ActiveCfg = Ad-Hoc|iPhoneSimulator
		{60F14B4E-280F-42EB-8DDC-530AF999236B}.Ad-Hoc|iPhoneSimulator.Build.0 = Ad-Hoc|iPhoneSimulator
		{60F14B4E-280F-42EB-8DDC-530AF999236B}.Ad-Hoc|x64.ActiveCfg = Ad-Hoc|iPhone
		{60F14B4E-280F-42EB-8DDC-530AF999236B}.Ad-Hoc|x86.ActiveCfg = Ad-Hoc|iPhone
		{60F14B4E-280F-42EB-8DDC-530AF999236B}.AppStore|Any CPU.ActiveCfg = AppStore|iPhone
		{60F14B4E-280F-42EB-8DDC-530AF999236B}.AppStore|ARM.ActiveCfg = AppStore|iPhone
		{60F14B4E-280F-42EB-8DDC-530AF999236B}.AppStore|iPhone.ActiveCfg = AppStore|iPhone
		{60F14B4E-280F-42EB-8DDC-530AF999236B}.AppStore|iPhone.Build.0 = AppStore|iPhone
		{60F14B4E-280F-42EB-8DDC-530AF999236B}.AppStore|iPhoneSimulator.ActiveCfg = AppStore|iPhoneSimulator
		{60F14B4E-280F-42EB-8DDC-530AF999236B}.AppStore|iPhoneSimulator.Build.0 = AppStore|iPhoneSimulator
		{60F14B4E-280F-42EB-8DDC-530AF999236B}.AppStore|x64.ActiveCfg = AppStore|iPhone
		{60F14B4E-280F-42EB-8DDC-530AF999236B}.AppStore|x86.ActiveCfg = AppStore|iPhone
		{60F14B4E-280F-42EB-8DDC-530AF999236B}.Debug|Any CPU.ActiveCfg = Debug|iPhone
		{60F14B4E-280F-42EB-8DDC-530AF999236B}.Debug|ARM.ActiveCfg = Debug|iPhone
		{60F14B4E-280F-42EB-8DDC-530AF999236B}.Debug|iPhone.ActiveCfg = Debug|iPhone
		{60F14B4E-280F-42EB-8DDC-530AF999236B}.Debug|iPhone.Build.0 = Debug|iPhone
		{60F14B4E-280F-42EB-8DDC-530AF999236B}.Debug|iPhoneSimulator.ActiveCfg = Debug|iPhoneSimulator
		{60F14B4E-280F-42EB-8DDC-530AF999236B}.Debug|iPhoneSimulator.Build.0 = Debug|iPhoneSimulator
		{60F14B4E-280F-42EB-8DDC-530AF999236B}.Debug|x64.ActiveCfg = Debug|iPhone
		{60F14B4E-280F-42EB-8DDC-530AF999236B}.Debug|x86.ActiveCfg = Debug|iPhone
		{60F14B4E-280F-42EB-8DDC-530AF999236B}.Release|Any CPU.ActiveCfg = Release|iPhone
		{60F14B4E-280F-42EB-8DDC-530AF999236B}.Release|ARM.ActiveCfg = Release|iPhone
		{60F14B4E-280F-42EB-8DDC-530AF999236B}.Release|iPhone.ActiveCfg = Release|iPhone
		{60F14B4E-280F-42EB-8DDC-530AF999236B}.Release|iPhone.Build.0 = Release|iPhone
		{60F14B4E-280F-42EB-8DDC-530AF999236B}.Release|iPhoneSimulator.ActiveCfg = Release|iPhoneSimulator
		{60F14B4E-280F-42EB-8DDC-530AF999236B}.Release|iPhoneSimulator.Build.0 = Release|iPhoneSimulator
		{60F14B4E-280F-42EB-8DDC-530AF999236B}.Release|x64.ActiveCfg = Release|iPhone
		{60F14B4E-280F-42EB-8DDC-530AF999236B}.Release|x86.ActiveCfg = Release|iPhone
		{E62B6543-38F6-4542-9928-FC46B1B205F6}.Ad-Hoc|Any CPU.ActiveCfg = Release|x86
		{E62B6543-38F6-4542-9928-FC46B1B205F6}.Ad-Hoc|Any CPU.Build.0 = Release|x86
		{E62B6543-38F6-4542-9928-FC46B1B205F6}.Ad-Hoc|Any CPU.Deploy.0 = Release|x86
		{E62B6543-38F6-4542-9928-FC46B1B205F6}.Ad-Hoc|ARM.ActiveCfg = Release|ARM
		{E62B6543-38F6-4542-9928-FC46B1B205F6}.Ad-Hoc|ARM.Build.0 = Release|ARM
		{E62B6543-38F6-4542-9928-FC46B1B205F6}.Ad-Hoc|ARM.Deploy.0 = Release|ARM
		{E62B6543-38F6-4542-9928-FC46B1B205F6}.Ad-Hoc|iPhone.ActiveCfg = Release|x86
		{E62B6543-38F6-4542-9928-FC46B1B205F6}.Ad-Hoc|iPhone.Build.0 = Release|x86
		{E62B6543-38F6-4542-9928-FC46B1B205F6}.Ad-Hoc|iPhone.Deploy.0 = Release|x86
		{E62B6543-38F6-4542-9928-FC46B1B205F6}.Ad-Hoc|iPhoneSimulator.ActiveCfg = Release|x86
		{E62B6543-38F6-4542-9928-FC46B1B205F6}.Ad-Hoc|iPhoneSimulator.Build.0 = Release|x86
		{E62B6543-38F6-4542-9928-FC46B1B205F6}.Ad-Hoc|iPhoneSimulator.Deploy.0 = Release|x86
		{E62B6543-38F6-4542-9928-FC46B1B205F6}.Ad-Hoc|x64.ActiveCfg = Release|x64
		{E62B6543-38F6-4542-9928-FC46B1B205F6}.Ad-Hoc|x64.Build.0 = Release|x64
		{E62B6543-38F6-4542-9928-FC46B1B205F6}.Ad-Hoc|x64.Deploy.0 = Release|x64
		{E62B6543-38F6-4542-9928-FC46B1B205F6}.Ad-Hoc|x86.ActiveCfg = Release|x86
		{E62B6543-38F6-4542-9928-FC46B1B205F6}.Ad-Hoc|x86.Build.0 = Release|x86
		{E62B6543-38F6-4542-9928-FC46B1B205F6}.Ad-Hoc|x86.Deploy.0 = Release|x86
		{E62B6543-38F6-4542-9928-FC46B1B205F6}.AppStore|Any CPU.ActiveCfg = Release|x86
		{E62B6543-38F6-4542-9928-FC46B1B205F6}.AppStore|Any CPU.Build.0 = Release|x86
		{E62B6543-38F6-4542-9928-FC46B1B205F6}.AppStore|Any CPU.Deploy.0 = Release|x86
		{E62B6543-38F6-4542-9928-FC46B1B205F6}.AppStore|ARM.ActiveCfg = Release|ARM
		{E62B6543-38F6-4542-9928-FC46B1B205F6}.AppStore|ARM.Build.0 = Release|ARM
		{E62B6543-38F6-4542-9928-FC46B1B205F6}.AppStore|ARM.Deploy.0 = Release|ARM
		{E62B6543-38F6-4542-9928-FC46B1B205F6}.AppStore|iPhone.ActiveCfg = Release|x86
		{E62B6543-38F6-4542-9928-FC46B1B205F6}.AppStore|iPhone.Build.0 = Release|x86
		{E62B6543-38F6-4542-9928-FC46B1B205F6}.AppStore|iPhone.Deploy.0 = Release|x86
		{E62B6543-38F6-4542-9928-FC46B1B205F6}.AppStore|iPhoneSimulator.ActiveCfg = Release|x86
		{E62B6543-38F6-4542-9928-FC46B1B205F6}.AppStore|iPhoneSimulator.Build.0 = Release|x86
		{E62B6543-38F6-4542-9928-FC46B1B205F6}.AppStore|iPhoneSimulator.Deploy.0 = Release|x86
		{E62B6543-38F6-4542-9928-FC46B1B205F6}.AppStore|x64.ActiveCfg = Release|x64
		{E62B6543-38F6-4542-9928-FC46B1B205F6}.AppStore|x64.Build.0 = Release|x64
		{E62B6543-38F6-4542-9928-FC46B1B205F6}.AppStore|x64.Deploy.0 = Release|x64
		{E62B6543-38F6-4542-9928-FC46B1B205F6}.AppStore|x86.ActiveCfg = Release|x86
		{E62B6543-38F6-4542-9928-FC46B1B205F6}.AppStore|x86.Build.0 = Release|x86
		{E62B6543-38F6-4542-9928-FC46B1B205F6}.AppStore|x86.Deploy.0 = Release|x86
		{E62B6543-38F6-4542-9928-FC46B1B205F6}.Debug|Any CPU.ActiveCfg = Debug|x86
		{E62B6543-38F6-4542-9928-FC46B1B205F6}.Debug|ARM.ActiveCfg = Debug|ARM
		{E62B6543-38F6-4542-9928-FC46B1B205F6}.Debug|ARM.Build.0 = Debug|ARM
		{E62B6543-38F6-4542-9928-FC46B1B205F6}.Debug|ARM.Deploy.0 = Debug|ARM
		{E62B6543-38F6-4542-9928-FC46B1B205F6}.Debug|iPhone.ActiveCfg = Debug|x86
		{E62B6543-38F6-4542-9928-FC46B1B205F6}.Debug|iPhoneSimulator.ActiveCfg = Debug|x86
		{E62B6543-38F6-4542-9928-FC46B1B205F6}.Debug|x64.ActiveCfg = Debug|x64
		{E62B6543-38F6-4542-9928-FC46B1B205F6}.Debug|x64.Build.0 = Debug|x64
		{E62B6543-38F6-4542-9928-FC46B1B205F6}.Debug|x64.Deploy.0 = Debug|x64
		{E62B6543-38F6-4542-9928-FC46B1B205F6}.Debug|x86.ActiveCfg = Debug|x86
		{E62B6543-38F6-4542-9928-FC46B1B205F6}.Debug|x86.Build.0 = Debug|x86
		{E62B6543-38F6-4542-9928-FC46B1B205F6}.Debug|x86.Deploy.0 = Debug|x86
		{E62B6543-38F6-4542-9928-FC46B1B205F6}.Release|Any CPU.ActiveCfg = Release|x86
		{E62B6543-38F6-4542-9928-FC46B1B205F6}.Release|ARM.ActiveCfg = Release|ARM
		{E62B6543-38F6-4542-9928-FC46B1B205F6}.Release|ARM.Build.0 = Release|ARM
		{E62B6543-38F6-4542-9928-FC46B1B205F6}.Release|ARM.Deploy.0 = Release|ARM
		{E62B6543-38F6-4542-9928-FC46B1B205F6}.Release|iPhone.ActiveCfg = Release|x86
		{E62B6543-38F6-4542-9928-FC46B1B205F6}.Release|iPhoneSimulator.ActiveCfg = Release|x86
		{E62B6543-38F6-4542-9928-FC46B1B205F6}.Release|x64.ActiveCfg = Release|x64
		{E62B6543-38F6-4542-9928-FC46B1B205F6}.Release|x64.Build.0 = Release|x64
		{E62B6543-38F6-4542-9928-FC46B1B205F6}.Release|x64.Deploy.0 = Release|x64
		{E62B6543-38F6-4542-9928-FC46B1B205F6}.Release|x86.ActiveCfg = Release|x86
		{E62B6543-38F6-4542-9928-FC46B1B205F6}.Release|x86.Build.0 = Release|x86
		{E62B6543-38F6-4542-9928-FC46B1B205F6}.Release|x86.Deploy.0 = Release|x86
	EndGlobalSection
	GlobalSection(SolutionProperties) = preSolution
		HideSolutionNode = FALSE
	EndGlobalSection
	GlobalSection(ExtensibilityGlobals) = postSolution
		SolutionGuid = {670E8746-981D-4E5E-B7B8-F76226E6F7B8}
	EndGlobalSection
	GlobalSection(TeamFoundationVersionControl) = preSolution
		SccNumberOfProjects = 5
		SccEnterpriseProvider = {4CA58AB2-18FA-4F8D-95D4-32DDF27D184C}
		SccTeamFoundationServer = https://ngotrung.visualstudio.com/
		SccLocalPath0 = .
		SccProjectUniqueName1 = XFAppToDoList\\XFAppToDoList.Android\\XFAppToDoList.Android.csproj
		SccProjectName1 = XFAppToDoList/XFAppToDoList.Android
		SccLocalPath1 = XFAppToDoList\\XFAppToDoList.Android
		SccProjectUniqueName2 = XFAppToDoList\\XFAppToDoList.iOS\\XFAppToDoList.iOS.csproj
		SccProjectName2 = XFAppToDoList/XFAppToDoList.iOS
		SccLocalPath2 = XFAppToDoList\\XFAppToDoList.iOS
		SccProjectUniqueName3 = XFAppToDoList\\XFAppToDoList.UWP\\XFAppToDoList.UWP.csproj
		SccProjectName3 = XFAppToDoList/XFAppToDoList.UWP
		SccLocalPath3 = XFAppToDoList\\XFAppToDoList.UWP
		SccProjectUniqueName4 = XFAppToDoList\\XFAppToDoList\\XFAppToDoList.csproj
		SccProjectName4 = XFAppToDoList/XFAppToDoList
		SccLocalPath4 = XFAppToDoList\\XFAppToDoList
	EndGlobalSection
EndGlobal
